
Microsoft Visual Studio Solution File, Format Version 12.00
# Visual Studio Version 17
VisualStudioVersion = 17.10.35013.160
MinimumVisualStudioVersion = 10.0.40219.1
Project("{2150E333-8FDC-42A3-9474-1A3956D46DE8}") = "Services", "Services", "{87337F14-9283-49F9-81E2-5F7176EA381B}"
EndProject
Project("{2150E333-8FDC-42A3-9474-1A3956D46DE8}") = "Catalog", "Catalog", "{B6F61DD4-EACC-4CE6-BB2C-FED1E1AAE00A}"
EndProject
Project("{9A19103F-16F7-4668-BE54-9A1E7A4F7556}") = "CatalogAPI", "Services\Catalog\CatalogAPI\CatalogAPI.csproj", "{3895A608-51C6-4C96-AF11-AEBF2B3DACBF}"
EndProject
Project("{2150E333-8FDC-42A3-9474-1A3956D46DE8}") = "BuildingBlocks", "BuildingBlocks", "{3B3BF81E-A5C1-4A94-8C5C-DDD52A6148E2}"
EndProject
Project("{9A19103F-16F7-4668-BE54-9A1E7A4F7556}") = "BuildingBlocks", "BuildingBlocks\BuildingBlocks\BuildingBlocks.csproj", "{D4583BED-3E8D-4473-86A7-2F0F612150E4}"
EndProject
Project("{E53339B2-1760-4266-BCC7-CA923CBCF16C}") = "docker-compose", "docker-compose.dcproj", "{34C718C6-00F9-4813-9EF9-E1D8E5B546CF}"
EndProject
Project("{2150E333-8FDC-42A3-9474-1A3956D46DE8}") = "Basket", "Basket", "{451F6203-5F68-45C7-9C40-F19D8C1A0F86}"
EndProject
Project("{9A19103F-16F7-4668-BE54-9A1E7A4F7556}") = "BasketAPI", "Services\Basket\BasketAPI\BasketAPI.csproj", "{1FE6DEDD-49D2-4761-A09D-A4354F8D867A}"
EndProject
Project("{2150E333-8FDC-42A3-9474-1A3956D46DE8}") = "Discount", "Discount", "{E46A592D-9B25-4334-898C-B1E5BB6AD400}"
EndProject
Project("{9A19103F-16F7-4668-BE54-9A1E7A4F7556}") = "Discount.GRPC", "Services\Discount\Discount.GRPC\Discount.GRPC.csproj", "{0FBCAF5A-0DAC-4FC9-8513-C63E1CC51552}"
EndProject
Project("{2150E333-8FDC-42A3-9474-1A3956D46DE8}") = "Ordering", "Ordering", "{64B2DFD6-CC17-4002-B1E4-85AEC61F259F}"
EndProject
Project("{9A19103F-16F7-4668-BE54-9A1E7A4F7556}") = "OrderingAPI", "Services\Ordering\OrderingAPI\OrderingAPI.csproj", "{09CA9D7B-480E-40EE-BD89-462F0A7C956A}"
EndProject
Project("{9A19103F-16F7-4668-BE54-9A1E7A4F7556}") = "Ordering.Domain", "Services\Ordering\Ordering.Domain\Ordering.Domain.csproj", "{EB972DBD-3763-4734-A3F5-DE8EBC3A1AA7}"
EndProject
Project("{9A19103F-16F7-4668-BE54-9A1E7A4F7556}") = "Ordering.Application", "Services\Ordering\Ordering.Application\Ordering.Application.csproj", "{2DC2CC97-B848-4C6F-952B-83B6F5E9224B}"
EndProject
Project("{9A19103F-16F7-4668-BE54-9A1E7A4F7556}") = "Ordering.Infrastructure", "Services\Ordering\Ordering.Infrastructure\Ordering.Infrastructure.csproj", "{9428CAC5-B9FA-4784-AE9B-052EEC7F5F2F}"
EndProject
Project("{FAE04EC0-301F-11D3-BF4B-00C04F79EFBC}") = "BuildingBlock.Messaging", "BuildingBlocks\BuildingBlock.Messaging\BuildingBlock.Messaging.csproj", "{43BC73A8-834A-41CB-88A1-2853D9915A70}"
EndProject
Project("{2150E333-8FDC-42A3-9474-1A3956D46DE8}") = "ApiGateways", "ApiGateways", "{61A02AEF-861D-408F-BF20-F5DFC685E009}"
EndProject
Project("{FAE04EC0-301F-11D3-BF4B-00C04F79EFBC}") = "YarpApiGateway", "ApiGateways\YarpApiGateway\YarpApiGateway.csproj", "{C79968B6-4160-4411-BED6-546D599659E2}"
EndProject
Global
	GlobalSection(SolutionConfigurationPlatforms) = preSolution
		Debug|Any CPU = Debug|Any CPU
		Release|Any CPU = Release|Any CPU
	EndGlobalSection
	GlobalSection(ProjectConfigurationPlatforms) = postSolution
		{3895A608-51C6-4C96-AF11-AEBF2B3DACBF}.Debug|Any CPU.ActiveCfg = Debug|Any CPU
		{3895A608-51C6-4C96-AF11-AEBF2B3DACBF}.Debug|Any CPU.Build.0 = Debug|Any CPU
		{3895A608-51C6-4C96-AF11-AEBF2B3DACBF}.Release|Any CPU.ActiveCfg = Release|Any CPU
		{3895A608-51C6-4C96-AF11-AEBF2B3DACBF}.Release|Any CPU.Build.0 = Release|Any CPU
		{D4583BED-3E8D-4473-86A7-2F0F612150E4}.Debug|Any CPU.ActiveCfg = Debug|Any CPU
		{D4583BED-3E8D-4473-86A7-2F0F612150E4}.Debug|Any CPU.Build.0 = Debug|Any CPU
		{D4583BED-3E8D-4473-86A7-2F0F612150E4}.Release|Any CPU.ActiveCfg = Release|Any CPU
		{D4583BED-3E8D-4473-86A7-2F0F612150E4}.Release|Any CPU.Build.0 = Release|Any CPU
		{34C718C6-00F9-4813-9EF9-E1D8E5B546CF}.Debug|Any CPU.ActiveCfg = Debug|Any CPU
		{34C718C6-00F9-4813-9EF9-E1D8E5B546CF}.Debug|Any CPU.Build.0 = Debug|Any CPU
		{34C718C6-00F9-4813-9EF9-E1D8E5B546CF}.Release|Any CPU.ActiveCfg = Release|Any CPU
		{34C718C6-00F9-4813-9EF9-E1D8E5B546CF}.Release|Any CPU.Build.0 = Release|Any CPU
		{1FE6DEDD-49D2-4761-A09D-A4354F8D867A}.Debug|Any CPU.ActiveCfg = Debug|Any CPU
		{1FE6DEDD-49D2-4761-A09D-A4354F8D867A}.Debug|Any CPU.Build.0 = Debug|Any CPU
		{1FE6DEDD-49D2-4761-A09D-A4354F8D867A}.Release|Any CPU.ActiveCfg = Release|Any CPU
		{1FE6DEDD-49D2-4761-A09D-A4354F8D867A}.Release|Any CPU.Build.0 = Release|Any CPU
		{0FBCAF5A-0DAC-4FC9-8513-C63E1CC51552}.Debug|Any CPU.ActiveCfg = Debug|Any CPU
		{0FBCAF5A-0DAC-4FC9-8513-C63E1CC51552}.Debug|Any CPU.Build.0 = Debug|Any CPU
		{0FBCAF5A-0DAC-4FC9-8513-C63E1CC51552}.Release|Any CPU.ActiveCfg = Release|Any CPU
		{0FBCAF5A-0DAC-4FC9-8513-C63E1CC51552}.Release|Any CPU.Build.0 = Release|Any CPU
		{09CA9D7B-480E-40EE-BD89-462F0A7C956A}.Debug|Any CPU.ActiveCfg = Debug|Any CPU
		{09CA9D7B-480E-40EE-BD89-462F0A7C956A}.Debug|Any CPU.Build.0 = Debug|Any CPU
		{09CA9D7B-480E-40EE-BD89-462F0A7C956A}.Release|Any CPU.ActiveCfg = Release|Any CPU
		{09CA9D7B-480E-40EE-BD89-462F0A7C956A}.Release|Any CPU.Build.0 = Release|Any CPU
		{EB972DBD-3763-4734-A3F5-DE8EBC3A1AA7}.Debug|Any CPU.ActiveCfg = Debug|Any CPU
		{EB972DBD-3763-4734-A3F5-DE8EBC3A1AA7}.Debug|Any CPU.Build.0 = Debug|Any CPU
		{EB972DBD-3763-4734-A3F5-DE8EBC3A1AA7}.Release|Any CPU.ActiveCfg = Release|Any CPU
		{EB972DBD-3763-4734-A3F5-DE8EBC3A1AA7}.Release|Any CPU.Build.0 = Release|Any CPU
		{2DC2CC97-B848-4C6F-952B-83B6F5E9224B}.Debug|Any CPU.ActiveCfg = Debug|Any CPU
		{2DC2CC97-B848-4C6F-952B-83B6F5E9224B}.Debug|Any CPU.Build.0 = Debug|Any CPU
		{2DC2CC97-B848-4C6F-952B-83B6F5E9224B}.Release|Any CPU.ActiveCfg = Release|Any CPU
		{2DC2CC97-B848-4C6F-952B-83B6F5E9224B}.Release|Any CPU.Build.0 = Release|Any CPU
		{9428CAC5-B9FA-4784-AE9B-052EEC7F5F2F}.Debug|Any CPU.ActiveCfg = Debug|Any CPU
		{9428CAC5-B9FA-4784-AE9B-052EEC7F5F2F}.Debug|Any CPU.Build.0 = Debug|Any CPU
		{9428CAC5-B9FA-4784-AE9B-052EEC7F5F2F}.Release|Any CPU.ActiveCfg = Release|Any CPU
		{9428CAC5-B9FA-4784-AE9B-052EEC7F5F2F}.Release|Any CPU.Build.0 = Release|Any CPU
		{43BC73A8-834A-41CB-88A1-2853D9915A70}.Debug|Any CPU.ActiveCfg = Debug|Any CPU
		{43BC73A8-834A-41CB-88A1-2853D9915A70}.Debug|Any CPU.Build.0 = Debug|Any CPU
		{43BC73A8-834A-41CB-88A1-2853D9915A70}.Release|Any CPU.ActiveCfg = Release|Any CPU
		{43BC73A8-834A-41CB-88A1-2853D9915A70}.Release|Any CPU.Build.0 = Release|Any CPU
		{C79968B6-4160-4411-BED6-546D599659E2}.Debug|Any CPU.ActiveCfg = Debug|Any CPU
		{C79968B6-4160-4411-BED6-546D599659E2}.Debug|Any CPU.Build.0 = Debug|Any CPU
		{C79968B6-4160-4411-BED6-546D599659E2}.Release|Any CPU.ActiveCfg = Release|Any CPU
		{C79968B6-4160-4411-BED6-546D599659E2}.Release|Any CPU.Build.0 = Release|Any CPU
	EndGlobalSection
	GlobalSection(SolutionProperties) = preSolution
		HideSolutionNode = FALSE
	EndGlobalSection
	GlobalSection(NestedProjects) = preSolution
		{B6F61DD4-EACC-4CE6-BB2C-FED1E1AAE00A} = {87337F14-9283-49F9-81E2-5F7176EA381B}
		{3895A608-51C6-4C96-AF11-AEBF2B3DACBF} = {B6F61DD4-EACC-4CE6-BB2C-FED1E1AAE00A}
		{D4583BED-3E8D-4473-86A7-2F0F612150E4} = {3B3BF81E-A5C1-4A94-8C5C-DDD52A6148E2}
		{451F6203-5F68-45C7-9C40-F19D8C1A0F86} = {87337F14-9283-49F9-81E2-5F7176EA381B}
		{1FE6DEDD-49D2-4761-A09D-A4354F8D867A} = {451F6203-5F68-45C7-9C40-F19D8C1A0F86}
		{E46A592D-9B25-4334-898C-B1E5BB6AD400} = {87337F14-9283-49F9-81E2-5F7176EA381B}
		{0FBCAF5A-0DAC-4FC9-8513-C63E1CC51552} = {E46A592D-9B25-4334-898C-B1E5BB6AD400}
		{64B2DFD6-CC17-4002-B1E4-85AEC61F259F} = {87337F14-9283-49F9-81E2-5F7176EA381B}
		{09CA9D7B-480E-40EE-BD89-462F0A7C956A} = {64B2DFD6-CC17-4002-B1E4-85AEC61F259F}
		{EB972DBD-3763-4734-A3F5-DE8EBC3A1AA7} = {64B2DFD6-CC17-4002-B1E4-85AEC61F259F}
		{2DC2CC97-B848-4C6F-952B-83B6F5E9224B} = {64B2DFD6-CC17-4002-B1E4-85AEC61F259F}
		{9428CAC5-B9FA-4784-AE9B-052EEC7F5F2F} = {64B2DFD6-CC17-4002-B1E4-85AEC61F259F}
		{43BC73A8-834A-41CB-88A1-2853D9915A70} = {3B3BF81E-A5C1-4A94-8C5C-DDD52A6148E2}
		{C79968B6-4160-4411-BED6-546D599659E2} = {61A02AEF-861D-408F-BF20-F5DFC685E009}
	EndGlobalSection
	GlobalSection(ExtensibilityGlobals) = postSolution
		SolutionGuid = {3590B98B-6546-4773-A44F-4370A01F1EE7}
	EndGlobalSection
EndGlobal
